
Microsoft Visual Studio Solution File, Format Version 12.00
# Visual Studio Version 16
VisualStudioVersion = 16.0.32413.511
MinimumVisualStudioVersion = 10.0.40219.1
Project("{FAE04EC0-301F-11D3-BF4B-00C04F79EFBC}") = "Пример за Шаблонен(generic) метод", "Пример за Шаблонен(generic) метод\Пример за Шаблонен(generic) метод.csproj", "{30FE7764-7315-4225-B9DF-7E47CE9953D9}"
EndProject
Global
	GlobalSection(SolutionConfigurationPlatforms) = preSolution
		Debug|Any CPU = Debug|Any CPU
		Release|Any CPU = Release|Any CPU
	EndGlobalSection
	GlobalSection(ProjectConfigurationPlatforms) = postSolution
		{30FE7764-7315-4225-B9DF-7E47CE9953D9}.Debug|Any CPU.ActiveCfg = Debug|Any CPU
		{30FE7764-7315-4225-B9DF-7E47CE9953D9}.Debug|Any CPU.Build.0 = Debug|Any CPU
		{30FE7764-7315-4225-B9DF-7E47CE9953D9}.Release|Any CPU.ActiveCfg = Release|Any CPU
		{30FE7764-7315-4225-B9DF-7E47CE9953D9}.Release|Any CPU.Build.0 = Release|Any CPU
	EndGlobalSection
	GlobalSection(SolutionProperties) = preSolution
		HideSolutionNode = FALSE
	EndGlobalSection
	GlobalSection(ExtensibilityGlobals) = postSolution
		SolutionGuid = {610B3970-A398-4F5F-8B78-0C4B6E6C8B8F}
	EndGlobalSection
EndGlobal
