
Microsoft Visual Studio Solution File, Format Version 12.00
# Visual Studio Version 16
VisualStudioVersion = 16.0.32413.511
MinimumVisualStudioVersion = 10.0.40219.1
Project("{FAE04EC0-301F-11D3-BF4B-00C04F79EFBC}") = "Статични методи", "Статични методи\Статични методи.csproj", "{195E562E-6B5B-4FEF-94E7-5BD370A7A53E}"
EndProject
Global
	GlobalSection(SolutionConfigurationPlatforms) = preSolution
		Debug|Any CPU = Debug|Any CPU
		Release|Any CPU = Release|Any CPU
	EndGlobalSection
	GlobalSection(ProjectConfigurationPlatforms) = postSolution
		{195E562E-6B5B-4FEF-94E7-5BD370A7A53E}.Debug|Any CPU.ActiveCfg = Debug|Any CPU
		{195E562E-6B5B-4FEF-94E7-5BD370A7A53E}.Debug|Any CPU.Build.0 = Debug|Any CPU
		{195E562E-6B5B-4FEF-94E7-5BD370A7A53E}.Release|Any CPU.ActiveCfg = Release|Any CPU
		{195E562E-6B5B-4FEF-94E7-5BD370A7A53E}.Release|Any CPU.Build.0 = Release|Any CPU
	EndGlobalSection
	GlobalSection(SolutionProperties) = preSolution
		HideSolutionNode = FALSE
	EndGlobalSection
	GlobalSection(ExtensibilityGlobals) = postSolution
		SolutionGuid = {77479E90-9CD9-4C48-89F9-037EF10470C5}
	EndGlobalSection
EndGlobal
