
Microsoft Visual Studio Solution File, Format Version 12.00
# Visual Studio Version 16
VisualStudioVersion = 16.0.32413.511
MinimumVisualStudioVersion = 10.0.40219.1
Project("{FAE04EC0-301F-11D3-BF4B-00C04F79EFBC}") = "Статични полета", "Статични полета\Статични полета.csproj", "{8B7E9A73-11A8-4142-9D76-34B7E8E85CD1}"
EndProject
Global
	GlobalSection(SolutionConfigurationPlatforms) = preSolution
		Debug|Any CPU = Debug|Any CPU
		Release|Any CPU = Release|Any CPU
	EndGlobalSection
	GlobalSection(ProjectConfigurationPlatforms) = postSolution
		{8B7E9A73-11A8-4142-9D76-34B7E8E85CD1}.Debug|Any CPU.ActiveCfg = Debug|Any CPU
		{8B7E9A73-11A8-4142-9D76-34B7E8E85CD1}.Debug|Any CPU.Build.0 = Debug|Any CPU
		{8B7E9A73-11A8-4142-9D76-34B7E8E85CD1}.Release|Any CPU.ActiveCfg = Release|Any CPU
		{8B7E9A73-11A8-4142-9D76-34B7E8E85CD1}.Release|Any CPU.Build.0 = Release|Any CPU
	EndGlobalSection
	GlobalSection(SolutionProperties) = preSolution
		HideSolutionNode = FALSE
	EndGlobalSection
	GlobalSection(ExtensibilityGlobals) = postSolution
		SolutionGuid = {BE087071-E978-4795-82DD-B74BC953A485}
	EndGlobalSection
EndGlobal
