
Microsoft Visual Studio Solution File, Format Version 12.00
# Visual Studio Version 16
VisualStudioVersion = 16.0.32413.511
MinimumVisualStudioVersion = 10.0.40219.1
Project("{FAE04EC0-301F-11D3-BF4B-00C04F79EFBC}") = "Статичен конструктор", "Статичен конструктор\Статичен конструктор.csproj", "{F1B59B39-9110-4959-A9E0-06571C8AF360}"
EndProject
Global
	GlobalSection(SolutionConfigurationPlatforms) = preSolution
		Debug|Any CPU = Debug|Any CPU
		Release|Any CPU = Release|Any CPU
	EndGlobalSection
	GlobalSection(ProjectConfigurationPlatforms) = postSolution
		{F1B59B39-9110-4959-A9E0-06571C8AF360}.Debug|Any CPU.ActiveCfg = Debug|Any CPU
		{F1B59B39-9110-4959-A9E0-06571C8AF360}.Debug|Any CPU.Build.0 = Debug|Any CPU
		{F1B59B39-9110-4959-A9E0-06571C8AF360}.Release|Any CPU.ActiveCfg = Release|Any CPU
		{F1B59B39-9110-4959-A9E0-06571C8AF360}.Release|Any CPU.Build.0 = Release|Any CPU
	EndGlobalSection
	GlobalSection(SolutionProperties) = preSolution
		HideSolutionNode = FALSE
	EndGlobalSection
	GlobalSection(ExtensibilityGlobals) = postSolution
		SolutionGuid = {1B15F8CF-9304-434B-8D5C-10B56A748314}
	EndGlobalSection
EndGlobal
