
Microsoft Visual Studio Solution File, Format Version 12.00
# Visual Studio Version 16
VisualStudioVersion = 16.0.32413.511
MinimumVisualStudioVersion = 10.0.40219.1
Project("{FAE04EC0-301F-11D3-BF4B-00C04F79EFBC}") = "Упражнения от 10.10.2022", "Упражнения от 10.10.2022\Упражнения от 10.10.2022.csproj", "{2B9D074D-258F-40EF-BCA6-7067FE5A8AF1}"
EndProject
Global
	GlobalSection(SolutionConfigurationPlatforms) = preSolution
		Debug|Any CPU = Debug|Any CPU
		Release|Any CPU = Release|Any CPU
	EndGlobalSection
	GlobalSection(ProjectConfigurationPlatforms) = postSolution
		{2B9D074D-258F-40EF-BCA6-7067FE5A8AF1}.Debug|Any CPU.ActiveCfg = Debug|Any CPU
		{2B9D074D-258F-40EF-BCA6-7067FE5A8AF1}.Debug|Any CPU.Build.0 = Debug|Any CPU
		{2B9D074D-258F-40EF-BCA6-7067FE5A8AF1}.Release|Any CPU.ActiveCfg = Release|Any CPU
		{2B9D074D-258F-40EF-BCA6-7067FE5A8AF1}.Release|Any CPU.Build.0 = Release|Any CPU
	EndGlobalSection
	GlobalSection(SolutionProperties) = preSolution
		HideSolutionNode = FALSE
	EndGlobalSection
	GlobalSection(ExtensibilityGlobals) = postSolution
		SolutionGuid = {181C9D0B-3D8C-44AE-BD4E-46203A85890E}
	EndGlobalSection
EndGlobal
